// !$*UTF8*$!
{
	archiveVersion = 1;
	classes = {
	};
	objectVersion = 46;
	objects = {

/* Begin PBXBuildFile section */
		5CBD0EA21D120251008CFBE6 /* AppDelegate.swift in Sources */ = {isa = PBXBuildFile; fileRef = 5CBD0EA11D120251008CFBE6 /* AppDelegate.swift */; };
		5CBD0EA71D120251008CFBE6 /* Main.storyboard in Resources */ = {isa = PBXBuildFile; fileRef = 5CBD0EA51D120251008CFBE6 /* Main.storyboard */; };
		5CBD0EA91D120251008CFBE6 /* Assets.xcassets in Resources */ = {isa = PBXBuildFile; fileRef = 5CBD0EA81D120251008CFBE6 /* Assets.xcassets */; };
		5CBD0EAC1D120251008CFBE6 /* LaunchScreen.storyboard in Resources */ = {isa = PBXBuildFile; fileRef = 5CBD0EAA1D120251008CFBE6 /* LaunchScreen.storyboard */; };
		5CBD0EB41D120298008CFBE6 /* MoviesViewController.swift in Sources */ = {isa = PBXBuildFile; fileRef = 5CBD0EB31D120298008CFBE6 /* MoviesViewController.swift */; };
		5CBD0EB71D12128B008CFBE6 /* MovieCell.swift in Sources */ = {isa = PBXBuildFile; fileRef = 5CBD0EB61D12128B008CFBE6 /* MovieCell.swift */; };
		5CFB64BF1D13525500D535E9 /* DetailViewController.swift in Sources */ = {isa = PBXBuildFile; fileRef = 5CFB64BE1D13525500D535E9 /* DetailViewController.swift */; };
		5CFB64C11D1455AF00D535E9 /* FandangoViewController.swift in Sources */ = {isa = PBXBuildFile; fileRef = 5CFB64C01D1455AF00D535E9 /* FandangoViewController.swift */; };
		C1B6542340A5B8FECBAA0ED8 /* Pods_MovieViewer.framework in Frameworks */ = {isa = PBXBuildFile; fileRef = A264C721B6534AC59E8BC959 /* Pods_MovieViewer.framework */; };
/* End PBXBuildFile section */

/* Begin PBXFileReference section */
		5CBD0E9E1D120251008CFBE6 /* MovieViewer.app */ = {isa = PBXFileReference; explicitFileType = wrapper.application; includeInIndex = 0; path = MovieViewer.app; sourceTree = BUILT_PRODUCTS_DIR; };
		5CBD0EA11D120251008CFBE6 /* AppDelegate.swift */ = {isa = PBXFileReference; lastKnownFileType = sourcecode.swift; path = AppDelegate.swift; sourceTree = "<group>"; };
		5CBD0EA61D120251008CFBE6 /* Base */ = {isa = PBXFileReference; lastKnownFileType = file.storyboard; name = Base; path = Base.lproj/Main.storyboard; sourceTree = "<group>"; };
		5CBD0EA81D120251008CFBE6 /* Assets.xcassets */ = {isa = PBXFileReference; lastKnownFileType = folder.assetcatalog; path = Assets.xcassets; sourceTree = "<group>"; };
		5CBD0EAB1D120251008CFBE6 /* Base */ = {isa = PBXFileReference; lastKnownFileType = file.storyboard; name = Base; path = Base.lproj/LaunchScreen.storyboard; sourceTree = "<group>"; };
		5CBD0EAD1D120251008CFBE6 /* Info.plist */ = {isa = PBXFileReference; lastKnownFileType = text.plist.xml; path = Info.plist; sourceTree = "<group>"; };
		5CBD0EB31D120298008CFBE6 /* MoviesViewController.swift */ = {isa = PBXFileReference; fileEncoding = 4; lastKnownFileType = sourcecode.swift; path = MoviesViewController.swift; sourceTree = "<group>"; };
		5CBD0EB61D12128B008CFBE6 /* MovieCell.swift */ = {isa = PBXFileReference; fileEncoding = 4; lastKnownFileType = sourcecode.swift; path = MovieCell.swift; sourceTree = "<group>"; };
		5CFB64BE1D13525500D535E9 /* DetailViewController.swift */ = {isa = PBXFileReference; fileEncoding = 4; lastKnownFileType = sourcecode.swift; path = DetailViewController.swift; sourceTree = "<group>"; };
		5CFB64C01D1455AF00D535E9 /* FandangoViewController.swift */ = {isa = PBXFileReference; fileEncoding = 4; lastKnownFileType = sourcecode.swift; path = FandangoViewController.swift; sourceTree = "<group>"; };
		6ABEAE60617A4A155A53B093 /* Pods-MovieViewer.release.xcconfig */ = {isa = PBXFileReference; includeInIndex = 1; lastKnownFileType = text.xcconfig; name = "Pods-MovieViewer.release.xcconfig"; path = "Pods/Target Support Files/Pods-MovieViewer/Pods-MovieViewer.release.xcconfig"; sourceTree = "<group>"; };
		A264C721B6534AC59E8BC959 /* Pods_MovieViewer.framework */ = {isa = PBXFileReference; explicitFileType = wrapper.framework; includeInIndex = 0; path = Pods_MovieViewer.framework; sourceTree = BUILT_PRODUCTS_DIR; };
		B73F7AC76D505EAADE03CE90 /* Pods-MovieViewer.debug.xcconfig */ = {isa = PBXFileReference; includeInIndex = 1; lastKnownFileType = text.xcconfig; name = "Pods-MovieViewer.debug.xcconfig"; path = "Pods/Target Support Files/Pods-MovieViewer/Pods-MovieViewer.debug.xcconfig"; sourceTree = "<group>"; };
/* End PBXFileReference section */

/* Begin PBXFrameworksBuildPhase section */
		5CBD0E9B1D120251008CFBE6 /* Frameworks */ = {
			isa = PBXFrameworksBuildPhase;
			buildActionMask = 2147483647;
			files = (
				C1B6542340A5B8FECBAA0ED8 /* Pods_MovieViewer.framework in Frameworks */,
			);
			runOnlyForDeploymentPostprocessing = 0;
		};
/* End PBXFrameworksBuildPhase section */

/* Begin PBXGroup section */
		5CBD0E951D120251008CFBE6 = {
			isa = PBXGroup;
			children = (
				5CFB64C01D1455AF00D535E9 /* FandangoViewController.swift */,
				5CBD0EA01D120251008CFBE6 /* MovieViewer */,
				5CBD0E9F1D120251008CFBE6 /* Products */,
				F67FD890882D849657108F8C /* Pods */,
				D341F0613865869499BEB60B /* Frameworks */,
			);
			sourceTree = "<group>";
		};
		5CBD0E9F1D120251008CFBE6 /* Products */ = {
			isa = PBXGroup;
			children = (
				5CBD0E9E1D120251008CFBE6 /* MovieViewer.app */,
			);
			name = Products;
			sourceTree = "<group>";
		};
		5CBD0EA01D120251008CFBE6 /* MovieViewer */ = {
			isa = PBXGroup;
			children = (
				5CBD0EB81D1212A4008CFBE6 /* ViewControllers */,
				5CBD0EB51D121259008CFBE6 /* Views */,
				5CBD0EA11D120251008CFBE6 /* AppDelegate.swift */,
				5CBD0EA51D120251008CFBE6 /* Main.storyboard */,
				5CBD0EA81D120251008CFBE6 /* Assets.xcassets */,
				5CBD0EAA1D120251008CFBE6 /* LaunchScreen.storyboard */,
				5CBD0EAD1D120251008CFBE6 /* Info.plist */,
			);
			path = MovieViewer;
			sourceTree = "<group>";
		};
		5CBD0EB51D121259008CFBE6 /* Views */ = {
			isa = PBXGroup;
			children = (
				5CBD0EB61D12128B008CFBE6 /* MovieCell.swift */,
			);
			name = Views;
			sourceTree = "<group>";
		};
		5CBD0EB81D1212A4008CFBE6 /* ViewControllers */ = {
			isa = PBXGroup;
			children = (
				5CBD0EB31D120298008CFBE6 /* MoviesViewController.swift */,
				5CFB64BE1D13525500D535E9 /* DetailViewController.swift */,
			);
			name = ViewControllers;
			sourceTree = "<group>";
		};
		D341F0613865869499BEB60B /* Frameworks */ = {
			isa = PBXGroup;
			children = (
				A264C721B6534AC59E8BC959 /* Pods_MovieViewer.framework */,
			);
			name = Frameworks;
			sourceTree = "<group>";
		};
		F67FD890882D849657108F8C /* Pods */ = {
			isa = PBXGroup;
			children = (
				B73F7AC76D505EAADE03CE90 /* Pods-MovieViewer.debug.xcconfig */,
				6ABEAE60617A4A155A53B093 /* Pods-MovieViewer.release.xcconfig */,
			);
			name = Pods;
			sourceTree = "<group>";
		};
/* End PBXGroup section */

/* Begin PBXNativeTarget section */
		5CBD0E9D1D120251008CFBE6 /* MovieViewer */ = {
			isa = PBXNativeTarget;
			buildConfigurationList = 5CBD0EB01D120251008CFBE6 /* Build configuration list for PBXNativeTarget "MovieViewer" */;
			buildPhases = (
				72A4A5C328731AC8C30CC689 /* [CP] Check Pods Manifest.lock */,
				5CBD0E9A1D120251008CFBE6 /* Sources */,
				5CBD0E9B1D120251008CFBE6 /* Frameworks */,
				5CBD0E9C1D120251008CFBE6 /* Resources */,
				A7B5DB4F3A4FFC7E8ECEA6CC /* [CP] Embed Pods Frameworks */,
				F8E36D9BACFD1FB617FFD603 /* [CP] Copy Pods Resources */,
			);
			buildRules = (
			);
			dependencies = (
			);
			name = MovieViewer;
			productName = MovieViewer;
			productReference = 5CBD0E9E1D120251008CFBE6 /* MovieViewer.app */;
			productType = "com.apple.product-type.application";
		};
/* End PBXNativeTarget section */

/* Begin PBXProject section */
		5CBD0E961D120251008CFBE6 /* Project object */ = {
			isa = PBXProject;
			attributes = {
				LastSwiftUpdateCheck = 0730;
				LastUpgradeCheck = 0730;
				ORGANIZATIONNAME = "Nidhi Manoj";
				TargetAttributes = {
					5CBD0E9D1D120251008CFBE6 = {
						CreatedOnToolsVersion = 7.3.1;
					};
				};
			};
			buildConfigurationList = 5CBD0E991D120251008CFBE6 /* Build configuration list for PBXProject "MovieViewer" */;
			compatibilityVersion = "Xcode 3.2";
			developmentRegion = English;
			hasScannedForEncodings = 0;
			knownRegions = (
				en,
				Base,
			);
			mainGroup = 5CBD0E951D120251008CFBE6;
			productRefGroup = 5CBD0E9F1D120251008CFBE6 /* Products */;
			projectDirPath = "";
			projectRoot = "";
			targets = (
				5CBD0E9D1D120251008CFBE6 /* MovieViewer */,
			);
		};
/* End PBXProject section */

/* Begin PBXResourcesBuildPhase section */
		5CBD0E9C1D120251008CFBE6 /* Resources */ = {
			isa = PBXResourcesBuildPhase;
			buildActionMask = 2147483647;
			files = (
				5CBD0EAC1D120251008CFBE6 /* LaunchScreen.storyboard in Resources */,
				5CBD0EA91D120251008CFBE6 /* Assets.xcassets in Resources */,
				5CBD0EA71D120251008CFBE6 /* Main.storyboard in Resources */,
			);
			runOnlyForDeploymentPostprocessing = 0;
		};
/* End PBXResourcesBuildPhase section */

/* Begin PBXShellScriptBuildPhase section */
		72A4A5C328731AC8C30CC689 /* [CP] Check Pods Manifest.lock */ = {
			isa = PBXShellScriptBuildPhase;
			buildActionMask = 2147483647;
			files = (
			);
			inputPaths = (
			);
			name = "[CP] Check Pods Manifest.lock";
			outputPaths = (
			);
			runOnlyForDeploymentPostprocessing = 0;
			shellPath = /bin/sh;
			shellScript = "diff \"${PODS_ROOT}/../Podfile.lock\" \"${PODS_ROOT}/Manifest.lock\" > /dev/null\nif [[ $? != 0 ]] ; then\n    cat << EOM\nerror: The sandbox is not in sync with the Podfile.lock. Run 'pod install' or update your CocoaPods installation.\nEOM\n    exit 1\nfi\n";
			showEnvVarsInLog = 0;
		};
		A7B5DB4F3A4FFC7E8ECEA6CC /* [CP] Embed Pods Frameworks */ = {
			isa = PBXShellScriptBuildPhase;
			buildActionMask = 2147483647;
			files = (
			);
			inputPaths = (
			);
			name = "[CP] Embed Pods Frameworks";
			outputPaths = (
			);
			runOnlyForDeploymentPostprocessing = 0;
			shellPath = /bin/sh;
			shellScript = "\"${SRCROOT}/Pods/Target Support Files/Pods-MovieViewer/Pods-MovieViewer-frameworks.sh\"\n";
			showEnvVarsInLog = 0;
		};
		F8E36D9BACFD1FB617FFD603 /* [CP] Copy Pods Resources */ = {
			isa = PBXShellScriptBuildPhase;
			buildActionMask = 2147483647;
			files = (
			);
			inputPaths = (
			);
			name = "[CP] Copy Pods Resources";
			outputPaths = (
			);
			runOnlyForDeploymentPostprocessing = 0;
			shellPath = /bin/sh;
			shellScript = "\"${SRCROOT}/Pods/Target Support Files/Pods-MovieViewer/Pods-MovieViewer-resources.sh\"\n";
			showEnvVarsInLog = 0;
		};
/* End PBXShellScriptBuildPhase section */

/* Begin PBXSourcesBuildPhase section */
		5CBD0E9A1D120251008CFBE6 /* Sources */ = {
			isa = PBXSourcesBuildPhase;
			buildActionMask = 2147483647;
			files = (
				5CBD0EA21D120251008CFBE6 /* AppDelegate.swift in Sources */,
				5CFB64C11D1455AF00D535E9 /* FandangoViewController.swift in Sources */,
				5CBD0EB41D120298008CFBE6 /* MoviesViewController.swift in Sources */,
				5CBD0EB71D12128B008CFBE6 /* MovieCell.swift in Sources */,
				5CFB64BF1D13525500D535E9 /* DetailViewController.swift in Sources */,
			);
			runOnlyForDeploymentPostprocessing = 0;
		};
/* End PBXSourcesBuildPhase section */

/* Begin PBXVariantGroup section */
		5CBD0EA51D120251008CFBE6 /* Main.storyboard */ = {
			isa = PBXVariantGroup;
			children = (
				5CBD0EA61D120251008CFBE6 /* Base */,
			);
			name = Main.storyboard;
			sourceTree = "<group>";
		};
		5CBD0EAA1D120251008CFBE6 /* LaunchScreen.storyboard */ = {
			isa = PBXVariantGroup;
			children = (
				5CBD0EAB1D120251008CFBE6 /* Base */,
			);
			name = LaunchScreen.storyboard;
			sourceTree = "<group>";
		};
/* End PBXVariantGroup section */

/* Begin XCBuildConfiguration section */
		5CBD0EAE1D120251008CFBE6 /* Debug */ = {
			isa = XCBuildConfiguration;
			buildSettings = {
				ALWAYS_SEARCH_USER_PATHS = NO;
				CLANG_ANALYZER_NONNULL = YES;
				CLANG_CXX_LANGUAGE_STANDARD = "gnu++0x";
				CLANG_CXX_LIBRARY = "libc++";
				CLANG_ENABLE_MODULES = YES;
				CLANG_ENABLE_OBJC_ARC = YES;
				CLANG_WARN_BOOL_CONVERSION = YES;
				CLANG_WARN_CONSTANT_CONVERSION = YES;
				CLANG_WARN_DIRECT_OBJC_ISA_USAGE = YES_ERROR;
				CLANG_WARN_EMPTY_BODY = YES;
				CLANG_WARN_ENUM_CONVERSION = YES;
				CLANG_WARN_INT_CONVERSION = YES;
				CLANG_WARN_OBJC_ROOT_CLASS = YES_ERROR;
				CLANG_WARN_UNREACHABLE_CODE = YES;
				CLANG_WARN__DUPLICATE_METHOD_MATCH = YES;
				"CODE_SIGN_IDENTITY[sdk=iphoneos*]" = "iPhone Developer";
				COPY_PHASE_STRIP = NO;
				DEBUG_INFORMATION_FORMAT = dwarf;
				ENABLE_STRICT_OBJC_MSGSEND = YES;
				ENABLE_TESTABILITY = YES;
				GCC_C_LANGUAGE_STANDARD = gnu99;
				GCC_DYNAMIC_NO_PIC = NO;
				GCC_NO_COMMON_BLOCKS = YES;
				GCC_OPTIMIZATION_LEVEL = 0;
				GCC_PREPROCESSOR_DEFINITIONS = (
					"DEBUG=1",
					"$(inherited)",
				);
				GCC_WARN_64_TO_32_BIT_CONVERSION = YES;
				GCC_WARN_ABOUT_RETURN_TYPE = YES_ERROR;
				GCC_WARN_UNDECLARED_SELECTOR = YES;
				GCC_WARN_UNINITIALIZED_AUTOS = YES_AGGRESSIVE;
				GCC_WARN_UNUSED_FUNCTION = YES;
				GCC_WARN_UNUSED_VARIABLE = YES;
				IPHONEOS_DEPLOYMENT_TARGET = 9.3;
				MTL_ENABLE_DEBUG_INFO = YES;
				ONLY_ACTIVE_ARCH = YES;
				SDKROOT = iphoneos;
				SWIFT_OPTIMIZATION_LEVEL = "-Onone";
				TARGETED_DEVICE_FAMILY = "1,2";
			};
			name = Debug;
		};
		5CBD0EAF1D120251008CFBE6 /* Release */ = {
			isa = XCBuildConfiguration;
			buildSettings = {
				ALWAYS_SEARCH_USER_PATHS = NO;
				CLANG_ANALYZER_NONNULL = YES;
				CLANG_CXX_LANGUAGE_STANDARD = "gnu++0x";
				CLANG_CXX_LIBRARY = "libc++";
				CLANG_ENABLE_MODULES = YES;
				CLANG_ENABLE_OBJC_ARC = YES;
				CLANG_WARN_BOOL_CONVERSION = YES;
				CLANG_WARN_CONSTANT_CONVERSION = YES;
				CLANG_WARN_DIRECT_OBJC_ISA_USAGE = YES_ERROR;
				CLANG_WARN_EMPTY_BODY = YES;
				CLANG_WARN_ENUM_CONVERSION = YES;
				CLANG_WARN_INT_CONVERSION = YES;
				CLANG_WARN_OBJC_ROOT_CLASS = YES_ERROR;
				CLANG_WARN_UNREACHABLE_CODE = YES;
				CLANG_WARN__DUPLICATE_METHOD_MATCH = YES;
				"CODE_SIGN_IDENTITY[sdk=iphoneos*]" = "iPhone Developer";
				COPY_PHASE_STRIP = NO;
				DEBUG_INFORMATION_FORMAT = "dwarf-with-dsym";
				ENABLE_NS_ASSERTIONS = NO;
				ENABLE_STRICT_OBJC_MSGSEND = YES;
				GCC_C_LANGUAGE_STANDARD = gnu99;
				GCC_NO_COMMON_BLOCKS = YES;
				GCC_WARN_64_TO_32_BIT_CONVERSION = YES;
				GCC_WARN_ABOUT_RETURN_TYPE = YES_ERROR;
				GCC_WARN_UNDECLARED_SELECTOR = YES;
				GCC_WARN_UNINITIALIZED_AUTOS = YES_AGGRESSIVE;
				GCC_WARN_UNUSED_FUNCTION = YES;
				GCC_WARN_UNUSED_VARIABLE = YES;
				IPHONEOS_DEPLOYMENT_TARGET = 9.3;
				MTL_ENABLE_DEBUG_INFO = NO;
				SDKROOT = iphoneos;
				TARGETED_DEVICE_FAMILY = "1,2";
				VALIDATE_PRODUCT = YES;
			};
			name = Release;
		};
		5CBD0EB11D120251008CFBE6 /* Debug */ = {
			isa = XCBuildConfiguration;
			baseConfigurationReference = B73F7AC76D505EAADE03CE90 /* Pods-MovieViewer.debug.xcconfig */;
			buildSettings = {
				ASSETCATALOG_COMPILER_APPICON_NAME = AppIcon;
				INFOPLIST_FILE = MovieViewer/Info.plist;
				LD_RUNPATH_SEARCH_PATHS = "$(inherited) @executable_path/Frameworks";
				PRODUCT_BUNDLE_IDENTIFIER = com.codepath.MovieViewer;
				PRODUCT_NAME = "$(TARGET_NAME)";
			};
			name = Debug;
		};
		5CBD0EB21D120251008CFBE6 /* Release */ = {
			isa = XCBuildConfiguration;
			baseConfigurationReference = 6ABEAE60617A4A155A53B093 /* Pods-MovieViewer.release.xcconfig */;
			buildSettings = {
				ASSETCATALOG_COMPILER_APPICON_NAME = AppIcon;
				INFOPLIST_FILE = MovieViewer/Info.plist;
				LD_RUNPATH_SEARCH_PATHS = "$(inherited) @executable_path/Frameworks";
				PRODUCT_BUNDLE_IDENTIFIER = com.codepath.MovieViewer;
				PRODUCT_NAME = "$(TARGET_NAME)";
			};
			name = Release;
		};
/* End XCBuildConfiguration section */

/* Begin XCConfigurationList section */
		5CBD0E991D120251008CFBE6 /* Build configuration list for PBXProject "MovieViewer" */ = {
			isa = XCConfigurationList;
			buildConfigurations = (
				5CBD0EAE1D120251008CFBE6 /* Debug */,
				5CBD0EAF1D120251008CFBE6 /* Release */,
			);
			defaultConfigurationIsVisible = 0;
			defaultConfigurationName = Release;
		};
		5CBD0EB01D120251008CFBE6 /* Build configuration list for PBXNativeTarget "MovieViewer" */ = {
			isa = XCConfigurationList;
			buildConfigurations = (
				5CBD0EB11D120251008CFBE6 /* Debug */,
				5CBD0EB21D120251008CFBE6 /* Release */,
			);
			defaultConfigurationIsVisible = 0;
			defaultConfigurationName = Release;
		};
/* End XCConfigurationList section */
	};
	rootObject = 5CBD0E961D120251008CFBE6 /* Project object */;
}
